
Microsoft Visual Studio Solution File, Format Version 12.00
# Visual Studio 15
VisualStudioVersion = 15.0.26124.0
MinimumVisualStudioVersion = 15.0.26124.0
Project("{FAE04EC0-301F-11D3-BF4B-00C04F79EFBC}") = "Whatever", "Whatever\Whatever.csproj", "{1083A796-4B71-467B-AAA3-9EB4BE733093}"
EndProject
Global
	GlobalSection(SolutionConfigurationPlatforms) = preSolution
		Debug|Any CPU = Debug|Any CPU
		Debug|x64 = Debug|x64
		Debug|x86 = Debug|x86
		Release|Any CPU = Release|Any CPU
		Release|x64 = Release|x64
		Release|x86 = Release|x86
	EndGlobalSection
	GlobalSection(SolutionProperties) = preSolution
		HideSolutionNode = FALSE
	EndGlobalSection
	GlobalSection(ProjectConfigurationPlatforms) = postSolution
		{1083A796-4B71-467B-AAA3-9EB4BE733093}.Debug|Any CPU.ActiveCfg = Debug|Any CPU
		{1083A796-4B71-467B-AAA3-9EB4BE733093}.Debug|Any CPU.Build.0 = Debug|Any CPU
		{1083A796-4B71-467B-AAA3-9EB4BE733093}.Debug|x64.ActiveCfg = Debug|Any CPU
		{1083A796-4B71-467B-AAA3-9EB4BE733093}.Debug|x64.Build.0 = Debug|Any CPU
		{1083A796-4B71-467B-AAA3-9EB4BE733093}.Debug|x86.ActiveCfg = Debug|Any CPU
		{1083A796-4B71-467B-AAA3-9EB4BE733093}.Debug|x86.Build.0 = Debug|Any CPU
		{1083A796-4B71-467B-AAA3-9EB4BE733093}.Release|Any CPU.ActiveCfg = Release|Any CPU
		{1083A796-4B71-467B-AAA3-9EB4BE733093}.Release|Any CPU.Build.0 = Release|Any CPU
		{1083A796-4B71-467B-AAA3-9EB4BE733093}.Release|x64.ActiveCfg = Release|Any CPU
		{1083A796-4B71-467B-AAA3-9EB4BE733093}.Release|x64.Build.0 = Release|Any CPU
		{1083A796-4B71-467B-AAA3-9EB4BE733093}.Release|x86.ActiveCfg = Release|Any CPU
		{1083A796-4B71-467B-AAA3-9EB4BE733093}.Release|x86.Build.0 = Release|Any CPU
	EndGlobalSection
EndGlobal
